
Microsoft Visual Studio Solution File, Format Version 12.00
# Visual Studio Version 17
VisualStudioVersion = 17.6.33723.286
MinimumVisualStudioVersion = 10.0.40219.1
Project("{9A19103F-16F7-4668-BE54-9A1E7A4F7556}") = "GenericCountMethodString", "04. Generic Swap Method Integer\GenericCountMethodString.csproj", "{1FEF0DC9-F72F-4569-836F-005DE3778F68}"
EndProject
Global
	GlobalSection(SolutionConfigurationPlatforms) = preSolution
		Debug|Any CPU = Debug|Any CPU
		Release|Any CPU = Release|Any CPU
	EndGlobalSection
	GlobalSection(ProjectConfigurationPlatforms) = postSolution
		{1FEF0DC9-F72F-4569-836F-005DE3778F68}.Debug|Any CPU.ActiveCfg = Debug|Any CPU
		{1FEF0DC9-F72F-4569-836F-005DE3778F68}.Debug|Any CPU.Build.0 = Debug|Any CPU
		{1FEF0DC9-F72F-4569-836F-005DE3778F68}.Release|Any CPU.ActiveCfg = Release|Any CPU
		{1FEF0DC9-F72F-4569-836F-005DE3778F68}.Release|Any CPU.Build.0 = Release|Any CPU
	EndGlobalSection
	GlobalSection(SolutionProperties) = preSolution
		HideSolutionNode = FALSE
	EndGlobalSection
	GlobalSection(ExtensibilityGlobals) = postSolution
		SolutionGuid = {599BCC71-D0B8-400F-BAE4-AF4C1A455A50}
	EndGlobalSection
EndGlobal
