
Microsoft Visual Studio Solution File, Format Version 12.00
# Visual Studio Version 17
VisualStudioVersion = 17.6.33723.286
MinimumVisualStudioVersion = 10.0.40219.1
Project("{FAE04EC0-301F-11D3-BF4B-00C04F79EFBC}") = "01. Count Same Values in Array", "01. Count Same Values in Array\01. Count Same Values in Array.csproj", "{3E288817-1731-4E9A-AA38-CF051150F427}"
EndProject
Global
	GlobalSection(SolutionConfigurationPlatforms) = preSolution
		Debug|Any CPU = Debug|Any CPU
		Release|Any CPU = Release|Any CPU
	EndGlobalSection
	GlobalSection(ProjectConfigurationPlatforms) = postSolution
		{3E288817-1731-4E9A-AA38-CF051150F427}.Debug|Any CPU.ActiveCfg = Debug|Any CPU
		{3E288817-1731-4E9A-AA38-CF051150F427}.Debug|Any CPU.Build.0 = Debug|Any CPU
		{3E288817-1731-4E9A-AA38-CF051150F427}.Release|Any CPU.ActiveCfg = Release|Any CPU
		{3E288817-1731-4E9A-AA38-CF051150F427}.Release|Any CPU.Build.0 = Release|Any CPU
	EndGlobalSection
	GlobalSection(SolutionProperties) = preSolution
		HideSolutionNode = FALSE
	EndGlobalSection
	GlobalSection(ExtensibilityGlobals) = postSolution
		SolutionGuid = {0E759CB7-BD87-401E-BAC6-DA2E6E01D702}
	EndGlobalSection
EndGlobal
