
Microsoft Visual Studio Solution File, Format Version 12.00
# Visual Studio Version 17
VisualStudioVersion = 17.6.33723.286
MinimumVisualStudioVersion = 10.0.40219.1
Project("{FAE04EC0-301F-11D3-BF4B-00C04F79EFBC}") = "GenericCountMethodDouble", "06. Generic Count Method Double\GenericCountMethodDouble.csproj", "{4CD6F47B-DCF5-4113-BCFB-EE7981202E5F}"
EndProject
Global
	GlobalSection(SolutionConfigurationPlatforms) = preSolution
		Debug|Any CPU = Debug|Any CPU
		Release|Any CPU = Release|Any CPU
	EndGlobalSection
	GlobalSection(ProjectConfigurationPlatforms) = postSolution
		{4CD6F47B-DCF5-4113-BCFB-EE7981202E5F}.Debug|Any CPU.ActiveCfg = Debug|Any CPU
		{4CD6F47B-DCF5-4113-BCFB-EE7981202E5F}.Debug|Any CPU.Build.0 = Debug|Any CPU
		{4CD6F47B-DCF5-4113-BCFB-EE7981202E5F}.Release|Any CPU.ActiveCfg = Release|Any CPU
		{4CD6F47B-DCF5-4113-BCFB-EE7981202E5F}.Release|Any CPU.Build.0 = Release|Any CPU
	EndGlobalSection
	GlobalSection(SolutionProperties) = preSolution
		HideSolutionNode = FALSE
	EndGlobalSection
	GlobalSection(ExtensibilityGlobals) = postSolution
		SolutionGuid = {E240AF92-E699-4601-A7FB-A08664D0FA00}
	EndGlobalSection
EndGlobal
