
Microsoft Visual Studio Solution File, Format Version 12.00
# Visual Studio Version 17
VisualStudioVersion = 17.6.33723.286
MinimumVisualStudioVersion = 10.0.40219.1
Project("{FAE04EC0-301F-11D3-BF4B-00C04F79EFBC}") = "06. Zip and Extracts", "06. Zip and Extracts\06. Zip and Extracts.csproj", "{C5F3A972-DC94-4BC1-889F-3DA2F7032F76}"
EndProject
Global
	GlobalSection(SolutionConfigurationPlatforms) = preSolution
		Debug|Any CPU = Debug|Any CPU
		Release|Any CPU = Release|Any CPU
	EndGlobalSection
	GlobalSection(ProjectConfigurationPlatforms) = postSolution
		{C5F3A972-DC94-4BC1-889F-3DA2F7032F76}.Debug|Any CPU.ActiveCfg = Debug|Any CPU
		{C5F3A972-DC94-4BC1-889F-3DA2F7032F76}.Debug|Any CPU.Build.0 = Debug|Any CPU
		{C5F3A972-DC94-4BC1-889F-3DA2F7032F76}.Release|Any CPU.ActiveCfg = Release|Any CPU
		{C5F3A972-DC94-4BC1-889F-3DA2F7032F76}.Release|Any CPU.Build.0 = Release|Any CPU
	EndGlobalSection
	GlobalSection(SolutionProperties) = preSolution
		HideSolutionNode = FALSE
	EndGlobalSection
	GlobalSection(ExtensibilityGlobals) = postSolution
		SolutionGuid = {17E12072-B837-4B6A-8E8F-C8BADA80A031}
	EndGlobalSection
EndGlobal
