
Microsoft Visual Studio Solution File, Format Version 12.00
# Visual Studio Version 17
VisualStudioVersion = 17.6.33723.286
MinimumVisualStudioVersion = 10.0.40219.1
Project("{FAE04EC0-301F-11D3-BF4B-00C04F79EFBC}") = "10. The Party Reservation Filter Module", "10. The Party Reservation Filter Module\10. The Party Reservation Filter Module.csproj", "{2B41043B-000E-4736-8832-0BCBBA164DFD}"
EndProject
Global
	GlobalSection(SolutionConfigurationPlatforms) = preSolution
		Debug|Any CPU = Debug|Any CPU
		Release|Any CPU = Release|Any CPU
	EndGlobalSection
	GlobalSection(ProjectConfigurationPlatforms) = postSolution
		{2B41043B-000E-4736-8832-0BCBBA164DFD}.Debug|Any CPU.ActiveCfg = Debug|Any CPU
		{2B41043B-000E-4736-8832-0BCBBA164DFD}.Debug|Any CPU.Build.0 = Debug|Any CPU
		{2B41043B-000E-4736-8832-0BCBBA164DFD}.Release|Any CPU.ActiveCfg = Release|Any CPU
		{2B41043B-000E-4736-8832-0BCBBA164DFD}.Release|Any CPU.Build.0 = Release|Any CPU
	EndGlobalSection
	GlobalSection(SolutionProperties) = preSolution
		HideSolutionNode = FALSE
	EndGlobalSection
	GlobalSection(ExtensibilityGlobals) = postSolution
		SolutionGuid = {44BC428E-E7DF-4D5C-B5CB-AE430EB981E8}
	EndGlobalSection
EndGlobal
