
Microsoft Visual Studio Solution File, Format Version 12.00
# Visual Studio Version 17
VisualStudioVersion = 17.6.33723.286
MinimumVisualStudioVersion = 10.0.40219.1
Project("{FAE04EC0-301F-11D3-BF4B-00C04F79EFBC}") = "AutomotiveRepairShop", "AutomotiveRepairShop\AutomotiveRepairShop.csproj", "{92BB0598-878D-4FBC-83E4-FA0BDB713637}"
EndProject
Global
	GlobalSection(SolutionConfigurationPlatforms) = preSolution
		Debug|Any CPU = Debug|Any CPU
		Release|Any CPU = Release|Any CPU
	EndGlobalSection
	GlobalSection(ProjectConfigurationPlatforms) = postSolution
		{92BB0598-878D-4FBC-83E4-FA0BDB713637}.Debug|Any CPU.ActiveCfg = Debug|Any CPU
		{92BB0598-878D-4FBC-83E4-FA0BDB713637}.Debug|Any CPU.Build.0 = Debug|Any CPU
		{92BB0598-878D-4FBC-83E4-FA0BDB713637}.Release|Any CPU.ActiveCfg = Release|Any CPU
		{92BB0598-878D-4FBC-83E4-FA0BDB713637}.Release|Any CPU.Build.0 = Release|Any CPU
	EndGlobalSection
	GlobalSection(SolutionProperties) = preSolution
		HideSolutionNode = FALSE
	EndGlobalSection
	GlobalSection(ExtensibilityGlobals) = postSolution
		SolutionGuid = {BC2318ED-D6BB-4C91-9821-679CD821F87F}
	EndGlobalSection
EndGlobal
