
Microsoft Visual Studio Solution File, Format Version 12.00
# Visual Studio Version 17
VisualStudioVersion = 17.6.33723.286
MinimumVisualStudioVersion = 10.0.40219.1
Project("{FAE04EC0-301F-11D3-BF4B-00C04F79EFBC}") = "11. TriFunction", "11. TriFunction\11. TriFunction.csproj", "{0455932F-A03B-4A25-B485-B7C412C7DD43}"
EndProject
Global
	GlobalSection(SolutionConfigurationPlatforms) = preSolution
		Debug|Any CPU = Debug|Any CPU
		Release|Any CPU = Release|Any CPU
	EndGlobalSection
	GlobalSection(ProjectConfigurationPlatforms) = postSolution
		{0455932F-A03B-4A25-B485-B7C412C7DD43}.Debug|Any CPU.ActiveCfg = Debug|Any CPU
		{0455932F-A03B-4A25-B485-B7C412C7DD43}.Debug|Any CPU.Build.0 = Debug|Any CPU
		{0455932F-A03B-4A25-B485-B7C412C7DD43}.Release|Any CPU.ActiveCfg = Release|Any CPU
		{0455932F-A03B-4A25-B485-B7C412C7DD43}.Release|Any CPU.Build.0 = Release|Any CPU
	EndGlobalSection
	GlobalSection(SolutionProperties) = preSolution
		HideSolutionNode = FALSE
	EndGlobalSection
	GlobalSection(ExtensibilityGlobals) = postSolution
		SolutionGuid = {E774180E-0A98-4570-BC58-B590BB92DDB1}
	EndGlobalSection
EndGlobal
