
Microsoft Visual Studio Solution File, Format Version 12.00
# Visual Studio Version 17
VisualStudioVersion = 17.6.33723.286
MinimumVisualStudioVersion = 10.0.40219.1
Project("{FAE04EC0-301F-11D3-BF4B-00C04F79EFBC}") = "07. Custom Comparator", "07. Custom Comparator\07. Custom Comparator.csproj", "{ADCFFE2C-10A4-411D-B915-6D436DE3C2F4}"
EndProject
Global
	GlobalSection(SolutionConfigurationPlatforms) = preSolution
		Debug|Any CPU = Debug|Any CPU
		Release|Any CPU = Release|Any CPU
	EndGlobalSection
	GlobalSection(ProjectConfigurationPlatforms) = postSolution
		{ADCFFE2C-10A4-411D-B915-6D436DE3C2F4}.Debug|Any CPU.ActiveCfg = Debug|Any CPU
		{ADCFFE2C-10A4-411D-B915-6D436DE3C2F4}.Debug|Any CPU.Build.0 = Debug|Any CPU
		{ADCFFE2C-10A4-411D-B915-6D436DE3C2F4}.Release|Any CPU.ActiveCfg = Release|Any CPU
		{ADCFFE2C-10A4-411D-B915-6D436DE3C2F4}.Release|Any CPU.Build.0 = Release|Any CPU
	EndGlobalSection
	GlobalSection(SolutionProperties) = preSolution
		HideSolutionNode = FALSE
	EndGlobalSection
	GlobalSection(ExtensibilityGlobals) = postSolution
		SolutionGuid = {CBA6E394-6323-42DA-AF83-2A0B6B306858}
	EndGlobalSection
EndGlobal
