
Microsoft Visual Studio Solution File, Format Version 12.00
# Visual Studio Version 17
VisualStudioVersion = 17.6.33723.286
MinimumVisualStudioVersion = 10.0.40219.1
Project("{FAE04EC0-301F-11D3-BF4B-00C04F79EFBC}") = "03. Largest 3 Numbers", "03. Largest 3 Numbers\03. Largest 3 Numbers.csproj", "{3CA8DD8A-191E-4976-A908-E7D23C9FC437}"
EndProject
Global
	GlobalSection(SolutionConfigurationPlatforms) = preSolution
		Debug|Any CPU = Debug|Any CPU
		Release|Any CPU = Release|Any CPU
	EndGlobalSection
	GlobalSection(ProjectConfigurationPlatforms) = postSolution
		{3CA8DD8A-191E-4976-A908-E7D23C9FC437}.Debug|Any CPU.ActiveCfg = Debug|Any CPU
		{3CA8DD8A-191E-4976-A908-E7D23C9FC437}.Debug|Any CPU.Build.0 = Debug|Any CPU
		{3CA8DD8A-191E-4976-A908-E7D23C9FC437}.Release|Any CPU.ActiveCfg = Release|Any CPU
		{3CA8DD8A-191E-4976-A908-E7D23C9FC437}.Release|Any CPU.Build.0 = Release|Any CPU
	EndGlobalSection
	GlobalSection(SolutionProperties) = preSolution
		HideSolutionNode = FALSE
	EndGlobalSection
	GlobalSection(ExtensibilityGlobals) = postSolution
		SolutionGuid = {85B15D00-D8D7-4D59-A080-595FF3312652}
	EndGlobalSection
EndGlobal
