
Microsoft Visual Studio Solution File, Format Version 12.00
# Visual Studio Version 17
VisualStudioVersion = 17.6.33723.286
MinimumVisualStudioVersion = 10.0.40219.1
Project("{FAE04EC0-301F-11D3-BF4B-00C04F79EFBC}") = "04. Fast Food", "04. Fast Food\04. Fast Food.csproj", "{27825375-41AD-4455-A111-310F128FC32E}"
EndProject
Global
	GlobalSection(SolutionConfigurationPlatforms) = preSolution
		Debug|Any CPU = Debug|Any CPU
		Release|Any CPU = Release|Any CPU
	EndGlobalSection
	GlobalSection(ProjectConfigurationPlatforms) = postSolution
		{27825375-41AD-4455-A111-310F128FC32E}.Debug|Any CPU.ActiveCfg = Debug|Any CPU
		{27825375-41AD-4455-A111-310F128FC32E}.Debug|Any CPU.Build.0 = Debug|Any CPU
		{27825375-41AD-4455-A111-310F128FC32E}.Release|Any CPU.ActiveCfg = Release|Any CPU
		{27825375-41AD-4455-A111-310F128FC32E}.Release|Any CPU.Build.0 = Release|Any CPU
	EndGlobalSection
	GlobalSection(SolutionProperties) = preSolution
		HideSolutionNode = FALSE
	EndGlobalSection
	GlobalSection(ExtensibilityGlobals) = postSolution
		SolutionGuid = {9B23610E-75A6-454A-8B0F-D3BAE9D1DB74}
	EndGlobalSection
EndGlobal
