
Microsoft Visual Studio Solution File, Format Version 12.00
# Visual Studio Version 17
VisualStudioVersion = 17.6.33723.286
MinimumVisualStudioVersion = 10.0.40219.1
Project("{FAE04EC0-301F-11D3-BF4B-00C04F79EFBC}") = "02. Delivery Boy", "02. Delivery Boy\02. Delivery Boy.csproj", "{23FE2E0D-D5DE-4F26-B7D7-3A43B11868EE}"
EndProject
Global
	GlobalSection(SolutionConfigurationPlatforms) = preSolution
		Debug|Any CPU = Debug|Any CPU
		Release|Any CPU = Release|Any CPU
	EndGlobalSection
	GlobalSection(ProjectConfigurationPlatforms) = postSolution
		{23FE2E0D-D5DE-4F26-B7D7-3A43B11868EE}.Debug|Any CPU.ActiveCfg = Debug|Any CPU
		{23FE2E0D-D5DE-4F26-B7D7-3A43B11868EE}.Debug|Any CPU.Build.0 = Debug|Any CPU
		{23FE2E0D-D5DE-4F26-B7D7-3A43B11868EE}.Release|Any CPU.ActiveCfg = Release|Any CPU
		{23FE2E0D-D5DE-4F26-B7D7-3A43B11868EE}.Release|Any CPU.Build.0 = Release|Any CPU
	EndGlobalSection
	GlobalSection(SolutionProperties) = preSolution
		HideSolutionNode = FALSE
	EndGlobalSection
	GlobalSection(ExtensibilityGlobals) = postSolution
		SolutionGuid = {0E50E5AD-D397-40E8-8C49-C33C6FB0213B}
	EndGlobalSection
EndGlobal
