
Microsoft Visual Studio Solution File, Format Version 12.00
# Visual Studio Version 17
VisualStudioVersion = 17.6.33723.286
MinimumVisualStudioVersion = 10.0.40219.1
Project("{FAE04EC0-301F-11D3-BF4B-00C04F79EFBC}") = "Collection", "02. Collection\Collection.csproj", "{379DAA48-04E9-460D-AF41-53446AFF8273}"
EndProject
Global
	GlobalSection(SolutionConfigurationPlatforms) = preSolution
		Debug|Any CPU = Debug|Any CPU
		Release|Any CPU = Release|Any CPU
	EndGlobalSection
	GlobalSection(ProjectConfigurationPlatforms) = postSolution
		{379DAA48-04E9-460D-AF41-53446AFF8273}.Debug|Any CPU.ActiveCfg = Debug|Any CPU
		{379DAA48-04E9-460D-AF41-53446AFF8273}.Debug|Any CPU.Build.0 = Debug|Any CPU
		{379DAA48-04E9-460D-AF41-53446AFF8273}.Release|Any CPU.ActiveCfg = Release|Any CPU
		{379DAA48-04E9-460D-AF41-53446AFF8273}.Release|Any CPU.Build.0 = Release|Any CPU
	EndGlobalSection
	GlobalSection(SolutionProperties) = preSolution
		HideSolutionNode = FALSE
	EndGlobalSection
	GlobalSection(ExtensibilityGlobals) = postSolution
		SolutionGuid = {B9324A5C-302C-42D5-B83E-AA2B81C8E5FE}
	EndGlobalSection
EndGlobal
