
Microsoft Visual Studio Solution File, Format Version 12.00
# Visual Studio Version 17
VisualStudioVersion = 17.6.33723.286
MinimumVisualStudioVersion = 10.0.40219.1
Project("{FAE04EC0-301F-11D3-BF4B-00C04F79EFBC}") = "09. Predicate Party!", "09. Predicate Party!\09. Predicate Party!.csproj", "{F2E8B394-678E-4E86-8470-A09FE1619BF1}"
EndProject
Global
	GlobalSection(SolutionConfigurationPlatforms) = preSolution
		Debug|Any CPU = Debug|Any CPU
		Release|Any CPU = Release|Any CPU
	EndGlobalSection
	GlobalSection(ProjectConfigurationPlatforms) = postSolution
		{F2E8B394-678E-4E86-8470-A09FE1619BF1}.Debug|Any CPU.ActiveCfg = Debug|Any CPU
		{F2E8B394-678E-4E86-8470-A09FE1619BF1}.Debug|Any CPU.Build.0 = Debug|Any CPU
		{F2E8B394-678E-4E86-8470-A09FE1619BF1}.Release|Any CPU.ActiveCfg = Release|Any CPU
		{F2E8B394-678E-4E86-8470-A09FE1619BF1}.Release|Any CPU.Build.0 = Release|Any CPU
	EndGlobalSection
	GlobalSection(SolutionProperties) = preSolution
		HideSolutionNode = FALSE
	EndGlobalSection
	GlobalSection(ExtensibilityGlobals) = postSolution
		SolutionGuid = {8009AD84-F208-44C6-9257-3976F3CB0FDA}
	EndGlobalSection
EndGlobal
