
Microsoft Visual Studio Solution File, Format Version 12.00
# Visual Studio Version 17
VisualStudioVersion = 17.6.33723.286
MinimumVisualStudioVersion = 10.0.40219.1
Project("{FAE04EC0-301F-11D3-BF4B-00C04F79EFBC}") = "07. Hot Potato", "07. Hot Potato\07. Hot Potato.csproj", "{A6183582-99E8-460B-80E9-0ED9DD6301B3}"
EndProject
Global
	GlobalSection(SolutionConfigurationPlatforms) = preSolution
		Debug|Any CPU = Debug|Any CPU
		Release|Any CPU = Release|Any CPU
	EndGlobalSection
	GlobalSection(ProjectConfigurationPlatforms) = postSolution
		{A6183582-99E8-460B-80E9-0ED9DD6301B3}.Debug|Any CPU.ActiveCfg = Debug|Any CPU
		{A6183582-99E8-460B-80E9-0ED9DD6301B3}.Debug|Any CPU.Build.0 = Debug|Any CPU
		{A6183582-99E8-460B-80E9-0ED9DD6301B3}.Release|Any CPU.ActiveCfg = Release|Any CPU
		{A6183582-99E8-460B-80E9-0ED9DD6301B3}.Release|Any CPU.Build.0 = Release|Any CPU
	EndGlobalSection
	GlobalSection(SolutionProperties) = preSolution
		HideSolutionNode = FALSE
	EndGlobalSection
	GlobalSection(ExtensibilityGlobals) = postSolution
		SolutionGuid = {400B03C4-6307-4017-91C0-DAB25BF5A07E}
	EndGlobalSection
EndGlobal
