
Microsoft Visual Studio Solution File, Format Version 12.00
# Visual Studio Version 17
VisualStudioVersion = 17.6.33723.286
MinimumVisualStudioVersion = 10.0.40219.1
Project("{FAE04EC0-301F-11D3-BF4B-00C04F79EFBC}") = "02. Knights of Honor", "02. Knights of Honor\02. Knights of Honor.csproj", "{C743690F-538F-4C97-8F18-300C8A927656}"
EndProject
Global
	GlobalSection(SolutionConfigurationPlatforms) = preSolution
		Debug|Any CPU = Debug|Any CPU
		Release|Any CPU = Release|Any CPU
	EndGlobalSection
	GlobalSection(ProjectConfigurationPlatforms) = postSolution
		{C743690F-538F-4C97-8F18-300C8A927656}.Debug|Any CPU.ActiveCfg = Debug|Any CPU
		{C743690F-538F-4C97-8F18-300C8A927656}.Debug|Any CPU.Build.0 = Debug|Any CPU
		{C743690F-538F-4C97-8F18-300C8A927656}.Release|Any CPU.ActiveCfg = Release|Any CPU
		{C743690F-538F-4C97-8F18-300C8A927656}.Release|Any CPU.Build.0 = Release|Any CPU
	EndGlobalSection
	GlobalSection(SolutionProperties) = preSolution
		HideSolutionNode = FALSE
	EndGlobalSection
	GlobalSection(ExtensibilityGlobals) = postSolution
		SolutionGuid = {FDC6BE47-AA55-4B79-9746-A12B6A9615AC}
	EndGlobalSection
EndGlobal
