
Microsoft Visual Studio Solution File, Format Version 12.00
# Visual Studio Version 17
VisualStudioVersion = 17.6.33723.286
MinimumVisualStudioVersion = 10.0.40219.1
Project("{FAE04EC0-301F-11D3-BF4B-00C04F79EFBC}") = "06. Songs Queue", "06. Songs Queue\06. Songs Queue.csproj", "{4C2208EB-8E8C-45AE-B952-19ED0D510FCE}"
EndProject
Global
	GlobalSection(SolutionConfigurationPlatforms) = preSolution
		Debug|Any CPU = Debug|Any CPU
		Release|Any CPU = Release|Any CPU
	EndGlobalSection
	GlobalSection(ProjectConfigurationPlatforms) = postSolution
		{4C2208EB-8E8C-45AE-B952-19ED0D510FCE}.Debug|Any CPU.ActiveCfg = Debug|Any CPU
		{4C2208EB-8E8C-45AE-B952-19ED0D510FCE}.Debug|Any CPU.Build.0 = Debug|Any CPU
		{4C2208EB-8E8C-45AE-B952-19ED0D510FCE}.Release|Any CPU.ActiveCfg = Release|Any CPU
		{4C2208EB-8E8C-45AE-B952-19ED0D510FCE}.Release|Any CPU.Build.0 = Release|Any CPU
	EndGlobalSection
	GlobalSection(SolutionProperties) = preSolution
		HideSolutionNode = FALSE
	EndGlobalSection
	GlobalSection(ExtensibilityGlobals) = postSolution
		SolutionGuid = {B73DC5A3-1D79-4FCA-92D8-64FF6352A24A}
	EndGlobalSection
EndGlobal
