
Microsoft Visual Studio Solution File, Format Version 12.00
# Visual Studio Version 17
VisualStudioVersion = 17.6.33723.286
MinimumVisualStudioVersion = 10.0.40219.1
Project("{FAE04EC0-301F-11D3-BF4B-00C04F79EFBC}") = "04. Find Evens or Odds", "04. Find Evens or Odds\04. Find Evens or Odds.csproj", "{3AC640A7-D8BB-4ECB-9706-ED68C174A88B}"
EndProject
Global
	GlobalSection(SolutionConfigurationPlatforms) = preSolution
		Debug|Any CPU = Debug|Any CPU
		Release|Any CPU = Release|Any CPU
	EndGlobalSection
	GlobalSection(ProjectConfigurationPlatforms) = postSolution
		{3AC640A7-D8BB-4ECB-9706-ED68C174A88B}.Debug|Any CPU.ActiveCfg = Debug|Any CPU
		{3AC640A7-D8BB-4ECB-9706-ED68C174A88B}.Debug|Any CPU.Build.0 = Debug|Any CPU
		{3AC640A7-D8BB-4ECB-9706-ED68C174A88B}.Release|Any CPU.ActiveCfg = Release|Any CPU
		{3AC640A7-D8BB-4ECB-9706-ED68C174A88B}.Release|Any CPU.Build.0 = Release|Any CPU
	EndGlobalSection
	GlobalSection(SolutionProperties) = preSolution
		HideSolutionNode = FALSE
	EndGlobalSection
	GlobalSection(ExtensibilityGlobals) = postSolution
		SolutionGuid = {3E910AC2-6386-491A-8065-064FE9D86E4C}
	EndGlobalSection
EndGlobal
