
Microsoft Visual Studio Solution File, Format Version 12.00
# Visual Studio Version 17
VisualStudioVersion = 17.6.33723.286
MinimumVisualStudioVersion = 10.0.40219.1
Project("{FAE04EC0-301F-11D3-BF4B-00C04F79EFBC}") = "02. Average Student Grades", "02. Average Student Grades\02. Average Student Grades.csproj", "{7706D3CC-4DDD-42F2-9B3C-2BD502412EA5}"
EndProject
Global
	GlobalSection(SolutionConfigurationPlatforms) = preSolution
		Debug|Any CPU = Debug|Any CPU
		Release|Any CPU = Release|Any CPU
	EndGlobalSection
	GlobalSection(ProjectConfigurationPlatforms) = postSolution
		{7706D3CC-4DDD-42F2-9B3C-2BD502412EA5}.Debug|Any CPU.ActiveCfg = Debug|Any CPU
		{7706D3CC-4DDD-42F2-9B3C-2BD502412EA5}.Debug|Any CPU.Build.0 = Debug|Any CPU
		{7706D3CC-4DDD-42F2-9B3C-2BD502412EA5}.Release|Any CPU.ActiveCfg = Release|Any CPU
		{7706D3CC-4DDD-42F2-9B3C-2BD502412EA5}.Release|Any CPU.Build.0 = Release|Any CPU
	EndGlobalSection
	GlobalSection(SolutionProperties) = preSolution
		HideSolutionNode = FALSE
	EndGlobalSection
	GlobalSection(ExtensibilityGlobals) = postSolution
		SolutionGuid = {6489B7A7-A3D2-4704-85B5-6504BCDE097B}
	EndGlobalSection
EndGlobal
