
Microsoft Visual Studio Solution File, Format Version 12.00
# Visual Studio Version 17
VisualStudioVersion = 17.6.33723.286
MinimumVisualStudioVersion = 10.0.40219.1
Project("{FAE04EC0-301F-11D3-BF4B-00C04F79EFBC}") = "5. Square With Maximum Sum", "5. Square With Maximum Sum\5. Square With Maximum Sum.csproj", "{6CF12E64-30F8-419D-AC61-1A7C6A66B328}"
EndProject
Global
	GlobalSection(SolutionConfigurationPlatforms) = preSolution
		Debug|Any CPU = Debug|Any CPU
		Release|Any CPU = Release|Any CPU
	EndGlobalSection
	GlobalSection(ProjectConfigurationPlatforms) = postSolution
		{6CF12E64-30F8-419D-AC61-1A7C6A66B328}.Debug|Any CPU.ActiveCfg = Debug|Any CPU
		{6CF12E64-30F8-419D-AC61-1A7C6A66B328}.Debug|Any CPU.Build.0 = Debug|Any CPU
		{6CF12E64-30F8-419D-AC61-1A7C6A66B328}.Release|Any CPU.ActiveCfg = Release|Any CPU
		{6CF12E64-30F8-419D-AC61-1A7C6A66B328}.Release|Any CPU.Build.0 = Release|Any CPU
	EndGlobalSection
	GlobalSection(SolutionProperties) = preSolution
		HideSolutionNode = FALSE
	EndGlobalSection
	GlobalSection(ExtensibilityGlobals) = postSolution
		SolutionGuid = {25D7E846-489F-412A-BC96-04697F8C3DDF}
	EndGlobalSection
EndGlobal
